
Microsoft Visual Studio Solution File, Format Version 11.00
# Visual Studio 2010
Project("{FAE04EC0-301F-11D3-BF4B-00C04F79EFBC}") = "Judo Scoreboard", "Placar\Judo Scoreboard.csproj", "{F0678179-F00E-4827-8410-0CFF29EDEB72}"
EndProject
Global
	GlobalSection(SolutionConfigurationPlatforms) = preSolution
		Debug|x86 = Debug|x86
		Release|x86 = Release|x86
	EndGlobalSection
	GlobalSection(ProjectConfigurationPlatforms) = postSolution
		{F0678179-F00E-4827-8410-0CFF29EDEB72}.Debug|x86.ActiveCfg = Debug|x86
		{F0678179-F00E-4827-8410-0CFF29EDEB72}.Debug|x86.Build.0 = Debug|x86
		{F0678179-F00E-4827-8410-0CFF29EDEB72}.Release|x86.ActiveCfg = Release|x86
		{F0678179-F00E-4827-8410-0CFF29EDEB72}.Release|x86.Build.0 = Release|x86
	EndGlobalSection
	GlobalSection(SolutionProperties) = preSolution
		HideSolutionNode = FALSE
	EndGlobalSection
EndGlobal
